
Microsoft Visual Studio Solution File, Format Version 12.00
# Visual Studio Version 16
VisualStudioVersion = 16.0.29424.173
MinimumVisualStudioVersion = 10.0.40219.1
Project("{9A19103F-16F7-4668-BE54-9A1E7A4F7556}") = "NewsFeedReader.Web", "NewsFeedReader.Web\NewsFeedReader.Web.csproj", "{DDA26EE7-9815-4B6C-A205-9FD6D46978F8}"
EndProject
Project("{9A19103F-16F7-4668-BE54-9A1E7A4F7556}") = "NewsFeedReader.Domain", "NewsFeedReader.Domain\NewsFeedReader.Domain.csproj", "{B125AB42-80AF-4934-BE56-8635F3780F01}"
EndProject
Project("{9A19103F-16F7-4668-BE54-9A1E7A4F7556}") = "NewsFeedReader.Providers", "NewsFeedReader.Providers\NewsFeedReader.Providers.csproj", "{AF52A92B-20AD-4BB1-97D3-85ED8ABDB823}"
EndProject
Project("{9A19103F-16F7-4668-BE54-9A1E7A4F7556}") = "NewsFeedReader.Logic", "NewsFeedReader.Logic\NewsFeedReader.Logic.csproj", "{F2E97D70-017A-438E-A3D3-670A1D10ADC5}"
EndProject
Project("{9A19103F-16F7-4668-BE54-9A1E7A4F7556}") = "NewsFeedReader.Web.Tests", "NewsFeedReader.Web.Tests\NewsFeedReader.Web.Tests.csproj", "{781D07A6-4500-4330-BD09-860F57C5DD9A}"
EndProject
Project("{9A19103F-16F7-4668-BE54-9A1E7A4F7556}") = "NewsFeedReader.Providers.Tests", "NewsFeedReader.Providers.Tests\NewsFeedReader.Providers.Tests.csproj", "{B710DFA8-A618-464D-9076-CC846D37ABE8}"
EndProject
Global
	GlobalSection(SolutionConfigurationPlatforms) = preSolution
		Debug|Any CPU = Debug|Any CPU
		Release|Any CPU = Release|Any CPU
	EndGlobalSection
	GlobalSection(ProjectConfigurationPlatforms) = postSolution
		{DDA26EE7-9815-4B6C-A205-9FD6D46978F8}.Debug|Any CPU.ActiveCfg = Debug|Any CPU
		{DDA26EE7-9815-4B6C-A205-9FD6D46978F8}.Debug|Any CPU.Build.0 = Debug|Any CPU
		{DDA26EE7-9815-4B6C-A205-9FD6D46978F8}.Release|Any CPU.ActiveCfg = Release|Any CPU
		{DDA26EE7-9815-4B6C-A205-9FD6D46978F8}.Release|Any CPU.Build.0 = Release|Any CPU
		{B125AB42-80AF-4934-BE56-8635F3780F01}.Debug|Any CPU.ActiveCfg = Debug|Any CPU
		{B125AB42-80AF-4934-BE56-8635F3780F01}.Debug|Any CPU.Build.0 = Debug|Any CPU
		{B125AB42-80AF-4934-BE56-8635F3780F01}.Release|Any CPU.ActiveCfg = Release|Any CPU
		{B125AB42-80AF-4934-BE56-8635F3780F01}.Release|Any CPU.Build.0 = Release|Any CPU
		{AF52A92B-20AD-4BB1-97D3-85ED8ABDB823}.Debug|Any CPU.ActiveCfg = Debug|Any CPU
		{AF52A92B-20AD-4BB1-97D3-85ED8ABDB823}.Debug|Any CPU.Build.0 = Debug|Any CPU
		{AF52A92B-20AD-4BB1-97D3-85ED8ABDB823}.Release|Any CPU.ActiveCfg = Release|Any CPU
		{AF52A92B-20AD-4BB1-97D3-85ED8ABDB823}.Release|Any CPU.Build.0 = Release|Any CPU
		{F2E97D70-017A-438E-A3D3-670A1D10ADC5}.Debug|Any CPU.ActiveCfg = Debug|Any CPU
		{F2E97D70-017A-438E-A3D3-670A1D10ADC5}.Debug|Any CPU.Build.0 = Debug|Any CPU
		{F2E97D70-017A-438E-A3D3-670A1D10ADC5}.Release|Any CPU.ActiveCfg = Release|Any CPU
		{F2E97D70-017A-438E-A3D3-670A1D10ADC5}.Release|Any CPU.Build.0 = Release|Any CPU
		{781D07A6-4500-4330-BD09-860F57C5DD9A}.Debug|Any CPU.ActiveCfg = Debug|Any CPU
		{781D07A6-4500-4330-BD09-860F57C5DD9A}.Debug|Any CPU.Build.0 = Debug|Any CPU
		{781D07A6-4500-4330-BD09-860F57C5DD9A}.Release|Any CPU.ActiveCfg = Release|Any CPU
		{781D07A6-4500-4330-BD09-860F57C5DD9A}.Release|Any CPU.Build.0 = Release|Any CPU
		{B710DFA8-A618-464D-9076-CC846D37ABE8}.Debug|Any CPU.ActiveCfg = Debug|Any CPU
		{B710DFA8-A618-464D-9076-CC846D37ABE8}.Debug|Any CPU.Build.0 = Debug|Any CPU
		{B710DFA8-A618-464D-9076-CC846D37ABE8}.Release|Any CPU.ActiveCfg = Release|Any CPU
		{B710DFA8-A618-464D-9076-CC846D37ABE8}.Release|Any CPU.Build.0 = Release|Any CPU
	EndGlobalSection
	GlobalSection(SolutionProperties) = preSolution
		HideSolutionNode = FALSE
	EndGlobalSection
	GlobalSection(ExtensibilityGlobals) = postSolution
		SolutionGuid = {257E81EB-F4BB-46A6-83CE-5C2A5D85A914}
	EndGlobalSection
EndGlobal
